
Microsoft Visual Studio Solution File, Format Version 12.00
# Visual Studio 2012
Project("{FAE04EC0-301F-11D3-BF4B-00C04F79EFBC}") = "World.Tests", "Tests\World.Tests\World.Tests.csproj", "{924B122E-C79C-4CB6-8FCA-F9185B9D5F63}"
EndProject
Project("{2150E333-8FDC-42A3-9474-1A3956D46DE8}") = "Server", "Server", "{A673EB7E-FC6F-4C23-BCFB-03876EFD2303}"
EndProject
Project("{2150E333-8FDC-42A3-9474-1A3956D46DE8}") = "Universe", "Universe", "{70B375EA-DC3A-4F14-B1CA-8458A7A098E7}"
EndProject
Project("{2150E333-8FDC-42A3-9474-1A3956D46DE8}") = "Testing", "Testing", "{A32CF9BC-780F-4CC3-8A12-EC6F11BEE585}"
EndProject
Project("{2150E333-8FDC-42A3-9474-1A3956D46DE8}") = "LindaEngine", "LindaEngine", "{3F09F393-D148-4687-8C15-3010F34B250A}"
EndProject
Project("{FAE04EC0-301F-11D3-BF4B-00C04F79EFBC}") = "WorldModel", "LindaEngine\WorldModel\WorldModel.csproj", "{4057765D-0C2E-449D-9588-9895F38F1EDB}"
EndProject
Project("{FAE04EC0-301F-11D3-BF4B-00C04F79EFBC}") = "World.Data", "Server\World.Data\World.Data.csproj", "{4D1081DE-0A7A-488D-8A05-82AA50AB184B}"
EndProject
Project("{2150E333-8FDC-42A3-9474-1A3956D46DE8}") = "Client", "Client", "{15C3511B-3BE4-409C-A977-7AB8C152717D}"
EndProject
Project("{F088123C-0E9E-452A-89E6-6BA2F21D5CAC}") = "Modeling", "Docs\Modeling\Modeling.modelproj", "{28D5E489-1E00-4109-B783-5F52EBD62B9B}"
EndProject
Project("{FAE04EC0-301F-11D3-BF4B-00C04F79EFBC}") = "Experimental", "Client\WinRT\Experimental\Experimental.csproj", "{E17D229D-3DC3-4934-A06E-C98B2AAC0E8F}"
EndProject
Project("{FAE04EC0-301F-11D3-BF4B-00C04F79EFBC}") = "Core", "LindaEngine\Core\Core.csproj", "{6D0A1D80-7063-48EA-9217-23FE02FC6751}"
EndProject
Project("{FAE04EC0-301F-11D3-BF4B-00C04F79EFBC}") = "MonoGame", "LindaEngine\MonoGame\MonoGame.csproj", "{CC8965EE-E5F0-4532-B04F-C5EDDA2669ED}"
EndProject
Project("{FAE04EC0-301F-11D3-BF4B-00C04F79EFBC}") = "Framework", "LindaEngine\Framework\Framework.csproj", "{A4AF2BDB-4AE6-4F1A-9DDA-E3F48BEF927B}"
EndProject
Global
	GlobalSection(SolutionConfigurationPlatforms) = preSolution
		Debug|Any CPU = Debug|Any CPU
		Debug|ARM = Debug|ARM
		Debug|x64 = Debug|x64
		Debug|x86 = Debug|x86
		Release|Any CPU = Release|Any CPU
		Release|ARM = Release|ARM
		Release|x64 = Release|x64
		Release|x86 = Release|x86
	EndGlobalSection
	GlobalSection(ProjectConfigurationPlatforms) = postSolution
		{924B122E-C79C-4CB6-8FCA-F9185B9D5F63}.Debug|Any CPU.ActiveCfg = Debug|Any CPU
		{924B122E-C79C-4CB6-8FCA-F9185B9D5F63}.Debug|Any CPU.Build.0 = Debug|Any CPU
		{924B122E-C79C-4CB6-8FCA-F9185B9D5F63}.Debug|ARM.ActiveCfg = Debug|Any CPU
		{924B122E-C79C-4CB6-8FCA-F9185B9D5F63}.Debug|x64.ActiveCfg = Debug|Any CPU
		{924B122E-C79C-4CB6-8FCA-F9185B9D5F63}.Debug|x86.ActiveCfg = Debug|Any CPU
		{924B122E-C79C-4CB6-8FCA-F9185B9D5F63}.Release|Any CPU.ActiveCfg = Release|Any CPU
		{924B122E-C79C-4CB6-8FCA-F9185B9D5F63}.Release|Any CPU.Build.0 = Release|Any CPU
		{924B122E-C79C-4CB6-8FCA-F9185B9D5F63}.Release|ARM.ActiveCfg = Release|Any CPU
		{924B122E-C79C-4CB6-8FCA-F9185B9D5F63}.Release|x64.ActiveCfg = Release|Any CPU
		{924B122E-C79C-4CB6-8FCA-F9185B9D5F63}.Release|x86.ActiveCfg = Release|Any CPU
		{4057765D-0C2E-449D-9588-9895F38F1EDB}.Debug|Any CPU.ActiveCfg = Debug|Any CPU
		{4057765D-0C2E-449D-9588-9895F38F1EDB}.Debug|Any CPU.Build.0 = Debug|Any CPU
		{4057765D-0C2E-449D-9588-9895F38F1EDB}.Debug|ARM.ActiveCfg = Debug|Any CPU
		{4057765D-0C2E-449D-9588-9895F38F1EDB}.Debug|x64.ActiveCfg = Debug|Any CPU
		{4057765D-0C2E-449D-9588-9895F38F1EDB}.Debug|x86.ActiveCfg = Debug|Any CPU
		{4057765D-0C2E-449D-9588-9895F38F1EDB}.Release|Any CPU.ActiveCfg = Release|Any CPU
		{4057765D-0C2E-449D-9588-9895F38F1EDB}.Release|Any CPU.Build.0 = Release|Any CPU
		{4057765D-0C2E-449D-9588-9895F38F1EDB}.Release|ARM.ActiveCfg = Release|Any CPU
		{4057765D-0C2E-449D-9588-9895F38F1EDB}.Release|x64.ActiveCfg = Release|Any CPU
		{4057765D-0C2E-449D-9588-9895F38F1EDB}.Release|x86.ActiveCfg = Release|Any CPU
		{4D1081DE-0A7A-488D-8A05-82AA50AB184B}.Debug|Any CPU.ActiveCfg = Debug|Any CPU
		{4D1081DE-0A7A-488D-8A05-82AA50AB184B}.Debug|Any CPU.Build.0 = Debug|Any CPU
		{4D1081DE-0A7A-488D-8A05-82AA50AB184B}.Debug|ARM.ActiveCfg = Debug|Any CPU
		{4D1081DE-0A7A-488D-8A05-82AA50AB184B}.Debug|x64.ActiveCfg = Debug|Any CPU
		{4D1081DE-0A7A-488D-8A05-82AA50AB184B}.Debug|x86.ActiveCfg = Debug|Any CPU
		{4D1081DE-0A7A-488D-8A05-82AA50AB184B}.Release|Any CPU.ActiveCfg = Release|Any CPU
		{4D1081DE-0A7A-488D-8A05-82AA50AB184B}.Release|Any CPU.Build.0 = Release|Any CPU
		{4D1081DE-0A7A-488D-8A05-82AA50AB184B}.Release|ARM.ActiveCfg = Release|Any CPU
		{4D1081DE-0A7A-488D-8A05-82AA50AB184B}.Release|x64.ActiveCfg = Release|Any CPU
		{4D1081DE-0A7A-488D-8A05-82AA50AB184B}.Release|x86.ActiveCfg = Release|Any CPU
		{28D5E489-1E00-4109-B783-5F52EBD62B9B}.Debug|Any CPU.ActiveCfg = Debug|Any CPU
		{28D5E489-1E00-4109-B783-5F52EBD62B9B}.Debug|Any CPU.Build.0 = Debug|Any CPU
		{28D5E489-1E00-4109-B783-5F52EBD62B9B}.Debug|ARM.ActiveCfg = Debug|Any CPU
		{28D5E489-1E00-4109-B783-5F52EBD62B9B}.Debug|x64.ActiveCfg = Debug|Any CPU
		{28D5E489-1E00-4109-B783-5F52EBD62B9B}.Debug|x86.ActiveCfg = Debug|Any CPU
		{28D5E489-1E00-4109-B783-5F52EBD62B9B}.Release|Any CPU.ActiveCfg = Release|Any CPU
		{28D5E489-1E00-4109-B783-5F52EBD62B9B}.Release|Any CPU.Build.0 = Release|Any CPU
		{28D5E489-1E00-4109-B783-5F52EBD62B9B}.Release|ARM.ActiveCfg = Release|Any CPU
		{28D5E489-1E00-4109-B783-5F52EBD62B9B}.Release|x64.ActiveCfg = Release|Any CPU
		{28D5E489-1E00-4109-B783-5F52EBD62B9B}.Release|x86.ActiveCfg = Release|Any CPU
		{E17D229D-3DC3-4934-A06E-C98B2AAC0E8F}.Debug|Any CPU.ActiveCfg = Debug|Any CPU
		{E17D229D-3DC3-4934-A06E-C98B2AAC0E8F}.Debug|Any CPU.Build.0 = Debug|Any CPU
		{E17D229D-3DC3-4934-A06E-C98B2AAC0E8F}.Debug|Any CPU.Deploy.0 = Debug|Any CPU
		{E17D229D-3DC3-4934-A06E-C98B2AAC0E8F}.Debug|ARM.ActiveCfg = Debug|ARM
		{E17D229D-3DC3-4934-A06E-C98B2AAC0E8F}.Debug|ARM.Build.0 = Debug|ARM
		{E17D229D-3DC3-4934-A06E-C98B2AAC0E8F}.Debug|ARM.Deploy.0 = Debug|ARM
		{E17D229D-3DC3-4934-A06E-C98B2AAC0E8F}.Debug|x64.ActiveCfg = Debug|x64
		{E17D229D-3DC3-4934-A06E-C98B2AAC0E8F}.Debug|x64.Build.0 = Debug|x64
		{E17D229D-3DC3-4934-A06E-C98B2AAC0E8F}.Debug|x64.Deploy.0 = Debug|x64
		{E17D229D-3DC3-4934-A06E-C98B2AAC0E8F}.Debug|x86.ActiveCfg = Debug|x86
		{E17D229D-3DC3-4934-A06E-C98B2AAC0E8F}.Debug|x86.Build.0 = Debug|x86
		{E17D229D-3DC3-4934-A06E-C98B2AAC0E8F}.Debug|x86.Deploy.0 = Debug|x86
		{E17D229D-3DC3-4934-A06E-C98B2AAC0E8F}.Release|Any CPU.ActiveCfg = Release|Any CPU
		{E17D229D-3DC3-4934-A06E-C98B2AAC0E8F}.Release|Any CPU.Build.0 = Release|Any CPU
		{E17D229D-3DC3-4934-A06E-C98B2AAC0E8F}.Release|Any CPU.Deploy.0 = Release|Any CPU
		{E17D229D-3DC3-4934-A06E-C98B2AAC0E8F}.Release|ARM.ActiveCfg = Release|ARM
		{E17D229D-3DC3-4934-A06E-C98B2AAC0E8F}.Release|ARM.Build.0 = Release|ARM
		{E17D229D-3DC3-4934-A06E-C98B2AAC0E8F}.Release|ARM.Deploy.0 = Release|ARM
		{E17D229D-3DC3-4934-A06E-C98B2AAC0E8F}.Release|x64.ActiveCfg = Release|x64
		{E17D229D-3DC3-4934-A06E-C98B2AAC0E8F}.Release|x64.Build.0 = Release|x64
		{E17D229D-3DC3-4934-A06E-C98B2AAC0E8F}.Release|x64.Deploy.0 = Release|x64
		{E17D229D-3DC3-4934-A06E-C98B2AAC0E8F}.Release|x86.ActiveCfg = Release|x86
		{E17D229D-3DC3-4934-A06E-C98B2AAC0E8F}.Release|x86.Build.0 = Release|x86
		{E17D229D-3DC3-4934-A06E-C98B2AAC0E8F}.Release|x86.Deploy.0 = Release|x86
		{6D0A1D80-7063-48EA-9217-23FE02FC6751}.Debug|Any CPU.ActiveCfg = Debug|Any CPU
		{6D0A1D80-7063-48EA-9217-23FE02FC6751}.Debug|Any CPU.Build.0 = Debug|Any CPU
		{6D0A1D80-7063-48EA-9217-23FE02FC6751}.Debug|ARM.ActiveCfg = Debug|Any CPU
		{6D0A1D80-7063-48EA-9217-23FE02FC6751}.Debug|x64.ActiveCfg = Debug|Any CPU
		{6D0A1D80-7063-48EA-9217-23FE02FC6751}.Debug|x86.ActiveCfg = Debug|Any CPU
		{6D0A1D80-7063-48EA-9217-23FE02FC6751}.Release|Any CPU.ActiveCfg = Release|Any CPU
		{6D0A1D80-7063-48EA-9217-23FE02FC6751}.Release|Any CPU.Build.0 = Release|Any CPU
		{6D0A1D80-7063-48EA-9217-23FE02FC6751}.Release|ARM.ActiveCfg = Release|Any CPU
		{6D0A1D80-7063-48EA-9217-23FE02FC6751}.Release|x64.ActiveCfg = Release|Any CPU
		{6D0A1D80-7063-48EA-9217-23FE02FC6751}.Release|x86.ActiveCfg = Release|Any CPU
		{CC8965EE-E5F0-4532-B04F-C5EDDA2669ED}.Debug|Any CPU.ActiveCfg = Debug|Any CPU
		{CC8965EE-E5F0-4532-B04F-C5EDDA2669ED}.Debug|Any CPU.Build.0 = Debug|Any CPU
		{CC8965EE-E5F0-4532-B04F-C5EDDA2669ED}.Debug|Any CPU.Deploy.0 = Debug|Any CPU
		{CC8965EE-E5F0-4532-B04F-C5EDDA2669ED}.Debug|ARM.ActiveCfg = Debug|ARM
		{CC8965EE-E5F0-4532-B04F-C5EDDA2669ED}.Debug|ARM.Build.0 = Debug|ARM
		{CC8965EE-E5F0-4532-B04F-C5EDDA2669ED}.Debug|ARM.Deploy.0 = Debug|ARM
		{CC8965EE-E5F0-4532-B04F-C5EDDA2669ED}.Debug|x64.ActiveCfg = Debug|x64
		{CC8965EE-E5F0-4532-B04F-C5EDDA2669ED}.Debug|x64.Build.0 = Debug|x64
		{CC8965EE-E5F0-4532-B04F-C5EDDA2669ED}.Debug|x64.Deploy.0 = Debug|x64
		{CC8965EE-E5F0-4532-B04F-C5EDDA2669ED}.Debug|x86.ActiveCfg = Debug|x86
		{CC8965EE-E5F0-4532-B04F-C5EDDA2669ED}.Debug|x86.Build.0 = Debug|x86
		{CC8965EE-E5F0-4532-B04F-C5EDDA2669ED}.Debug|x86.Deploy.0 = Debug|x86
		{CC8965EE-E5F0-4532-B04F-C5EDDA2669ED}.Release|Any CPU.ActiveCfg = Release|Any CPU
		{CC8965EE-E5F0-4532-B04F-C5EDDA2669ED}.Release|Any CPU.Build.0 = Release|Any CPU
		{CC8965EE-E5F0-4532-B04F-C5EDDA2669ED}.Release|Any CPU.Deploy.0 = Release|Any CPU
		{CC8965EE-E5F0-4532-B04F-C5EDDA2669ED}.Release|ARM.ActiveCfg = Release|ARM
		{CC8965EE-E5F0-4532-B04F-C5EDDA2669ED}.Release|ARM.Build.0 = Release|ARM
		{CC8965EE-E5F0-4532-B04F-C5EDDA2669ED}.Release|ARM.Deploy.0 = Release|ARM
		{CC8965EE-E5F0-4532-B04F-C5EDDA2669ED}.Release|x64.ActiveCfg = Release|x64
		{CC8965EE-E5F0-4532-B04F-C5EDDA2669ED}.Release|x64.Build.0 = Release|x64
		{CC8965EE-E5F0-4532-B04F-C5EDDA2669ED}.Release|x64.Deploy.0 = Release|x64
		{CC8965EE-E5F0-4532-B04F-C5EDDA2669ED}.Release|x86.ActiveCfg = Release|x86
		{CC8965EE-E5F0-4532-B04F-C5EDDA2669ED}.Release|x86.Build.0 = Release|x86
		{CC8965EE-E5F0-4532-B04F-C5EDDA2669ED}.Release|x86.Deploy.0 = Release|x86
		{A4AF2BDB-4AE6-4F1A-9DDA-E3F48BEF927B}.Debug|Any CPU.ActiveCfg = Debug|Any CPU
		{A4AF2BDB-4AE6-4F1A-9DDA-E3F48BEF927B}.Debug|Any CPU.Build.0 = Debug|Any CPU
		{A4AF2BDB-4AE6-4F1A-9DDA-E3F48BEF927B}.Debug|ARM.ActiveCfg = Debug|Any CPU
		{A4AF2BDB-4AE6-4F1A-9DDA-E3F48BEF927B}.Debug|x64.ActiveCfg = Debug|Any CPU
		{A4AF2BDB-4AE6-4F1A-9DDA-E3F48BEF927B}.Debug|x86.ActiveCfg = Debug|Any CPU
		{A4AF2BDB-4AE6-4F1A-9DDA-E3F48BEF927B}.Release|Any CPU.ActiveCfg = Release|Any CPU
		{A4AF2BDB-4AE6-4F1A-9DDA-E3F48BEF927B}.Release|Any CPU.Build.0 = Release|Any CPU
		{A4AF2BDB-4AE6-4F1A-9DDA-E3F48BEF927B}.Release|ARM.ActiveCfg = Release|Any CPU
		{A4AF2BDB-4AE6-4F1A-9DDA-E3F48BEF927B}.Release|x64.ActiveCfg = Release|Any CPU
		{A4AF2BDB-4AE6-4F1A-9DDA-E3F48BEF927B}.Release|x86.ActiveCfg = Release|Any CPU
	EndGlobalSection
	GlobalSection(SolutionProperties) = preSolution
		HideSolutionNode = FALSE
	EndGlobalSection
	GlobalSection(NestedProjects) = preSolution
		{924B122E-C79C-4CB6-8FCA-F9185B9D5F63} = {A32CF9BC-780F-4CC3-8A12-EC6F11BEE585}
		{E17D229D-3DC3-4934-A06E-C98B2AAC0E8F} = {15C3511B-3BE4-409C-A977-7AB8C152717D}
		{4D1081DE-0A7A-488D-8A05-82AA50AB184B} = {A673EB7E-FC6F-4C23-BCFB-03876EFD2303}
		{4057765D-0C2E-449D-9588-9895F38F1EDB} = {3F09F393-D148-4687-8C15-3010F34B250A}
		{6D0A1D80-7063-48EA-9217-23FE02FC6751} = {3F09F393-D148-4687-8C15-3010F34B250A}
		{CC8965EE-E5F0-4532-B04F-C5EDDA2669ED} = {3F09F393-D148-4687-8C15-3010F34B250A}
		{A4AF2BDB-4AE6-4F1A-9DDA-E3F48BEF927B} = {3F09F393-D148-4687-8C15-3010F34B250A}
	EndGlobalSection
EndGlobal
